// !$*UTF8*$!
{
	archiveVersion = 1;
	classes = {
	};
	objectVersion = 46;
	objects = {

/* Begin PBXBuildFile section */
		D6E933381E632B1E0026C86A /* AppDelegate.swift in Sources */ = {isa = PBXBuildFile; fileRef = D6E933371E632B1E0026C86A /* AppDelegate.swift */; };
		D6E9333A1E632B1E0026C86A /* ViewController.swift in Sources */ = {isa = PBXBuildFile; fileRef = D6E933391E632B1E0026C86A /* ViewController.swift */; };
		D6E9333D1E632B1E0026C86A /* Main.storyboard in Resources */ = {isa = PBXBuildFile; fileRef = D6E9333B1E632B1E0026C86A /* Main.storyboard */; };
		D6E933401E632B1E0026C86A /* ToDo.xcdatamodeld in Sources */ = {isa = PBXBuildFile; fileRef = D6E9333E1E632B1E0026C86A /* ToDo.xcdatamodeld */; };
		D6E933421E632B1E0026C86A /* Assets.xcassets in Resources */ = {isa = PBXBuildFile; fileRef = D6E933411E632B1E0026C86A /* Assets.xcassets */; };
		D6E933451E632B1E0026C86A /* LaunchScreen.storyboard in Resources */ = {isa = PBXBuildFile; fileRef = D6E933431E632B1E0026C86A /* LaunchScreen.storyboard */; };
		D6E9334D1E63300A0026C86A /* OgaveClass.swift in Sources */ = {isa = PBXBuildFile; fileRef = D6E9334C1E63300A0026C86A /* OgaveClass.swift */; };
/* End PBXBuildFile section */

/* Begin PBXFileReference section */
		D6E933341E632B1E0026C86A /* ToDo.app */ = {isa = PBXFileReference; explicitFileType = wrapper.application; includeInIndex = 0; path = ToDo.app; sourceTree = BUILT_PRODUCTS_DIR; };
		D6E933371E632B1E0026C86A /* AppDelegate.swift */ = {isa = PBXFileReference; lastKnownFileType = sourcecode.swift; path = AppDelegate.swift; sourceTree = "<group>"; };
		D6E933391E632B1E0026C86A /* ViewController.swift */ = {isa = PBXFileReference; lastKnownFileType = sourcecode.swift; path = ViewController.swift; sourceTree = "<group>"; };
		D6E9333C1E632B1E0026C86A /* Base */ = {isa = PBXFileReference; lastKnownFileType = file.storyboard; name = Base; path = Base.lproj/Main.storyboard; sourceTree = "<group>"; };
		D6E9333F1E632B1E0026C86A /* ToDo.xcdatamodel */ = {isa = PBXFileReference; lastKnownFileType = wrapper.xcdatamodel; path = ToDo.xcdatamodel; sourceTree = "<group>"; };
		D6E933411E632B1E0026C86A /* Assets.xcassets */ = {isa = PBXFileReference; lastKnownFileType = folder.assetcatalog; path = Assets.xcassets; sourceTree = "<group>"; };
		D6E933441E632B1E0026C86A /* Base */ = {isa = PBXFileReference; lastKnownFileType = file.storyboard; name = Base; path = Base.lproj/LaunchScreen.storyboard; sourceTree = "<group>"; };
		D6E933461E632B1E0026C86A /* Info.plist */ = {isa = PBXFileReference; lastKnownFileType = text.plist.xml; path = Info.plist; sourceTree = "<group>"; };
		D6E9334C1E63300A0026C86A /* OgaveClass.swift */ = {isa = PBXFileReference; fileEncoding = 4; lastKnownFileType = sourcecode.swift; path = OgaveClass.swift; sourceTree = "<group>"; };
/* End PBXFileReference section */

/* Begin PBXFrameworksBuildPhase section */
		D6E933311E632B1E0026C86A /* Frameworks */ = {
			isa = PBXFrameworksBuildPhase;
			buildActionMask = 2147483647;
			files = (
			);
			runOnlyForDeploymentPostprocessing = 0;
		};
/* End PBXFrameworksBuildPhase section */

/* Begin PBXGroup section */
		D6E9332B1E632B1E0026C86A = {
			isa = PBXGroup;
			children = (
				D6E933361E632B1E0026C86A /* ToDo */,
				D6E933351E632B1E0026C86A /* Products */,
			);
			sourceTree = "<group>";
		};
		D6E933351E632B1E0026C86A /* Products */ = {
			isa = PBXGroup;
			children = (
				D6E933341E632B1E0026C86A /* ToDo.app */,
			);
			name = Products;
			sourceTree = "<group>";
		};
		D6E933361E632B1E0026C86A /* ToDo */ = {
			isa = PBXGroup;
			children = (
				D6E933371E632B1E0026C86A /* AppDelegate.swift */,
				D6E933391E632B1E0026C86A /* ViewController.swift */,
				D6E9333B1E632B1E0026C86A /* Main.storyboard */,
				D6E9334C1E63300A0026C86A /* OgaveClass.swift */,
				D6E933411E632B1E0026C86A /* Assets.xcassets */,
				D6E933431E632B1E0026C86A /* LaunchScreen.storyboard */,
				D6E933461E632B1E0026C86A /* Info.plist */,
				D6E9333E1E632B1E0026C86A /* ToDo.xcdatamodeld */,
			);
			path = ToDo;
			sourceTree = "<group>";
		};
/* End PBXGroup section */

/* Begin PBXNativeTarget section */
		D6E933331E632B1E0026C86A /* ToDo */ = {
			isa = PBXNativeTarget;
			buildConfigurationList = D6E933491E632B1E0026C86A /* Build configuration list for PBXNativeTarget "ToDo" */;
			buildPhases = (
				D6E933301E632B1E0026C86A /* Sources */,
				D6E933311E632B1E0026C86A /* Frameworks */,
				D6E933321E632B1E0026C86A /* Resources */,
			);
			buildRules = (
			);
			dependencies = (
			);
			name = ToDo;
			productName = ToDo;
			productReference = D6E933341E632B1E0026C86A /* ToDo.app */;
			productType = "com.apple.product-type.application";
		};
/* End PBXNativeTarget section */

/* Begin PBXProject section */
		D6E9332C1E632B1E0026C86A /* Project object */ = {
			isa = PBXProject;
			attributes = {
				LastSwiftUpdateCheck = 0830;
				LastUpgradeCheck = 0830;
				ORGANIZATIONNAME = "Michael Kjemtrup";
				TargetAttributes = {
					D6E933331E632B1E0026C86A = {
						CreatedOnToolsVersion = 8.3;
						ProvisioningStyle = Automatic;
					};
				};
			};
			buildConfigurationList = D6E9332F1E632B1E0026C86A /* Build configuration list for PBXProject "ToDo" */;
			compatibilityVersion = "Xcode 3.2";
			developmentRegion = English;
			hasScannedForEncodings = 0;
			knownRegions = (
				en,
				Base,
			);
			mainGroup = D6E9332B1E632B1E0026C86A;
			productRefGroup = D6E933351E632B1E0026C86A /* Products */;
			projectDirPath = "";
			projectRoot = "";
			targets = (
				D6E933331E632B1E0026C86A /* ToDo */,
			);
		};
/* End PBXProject section */

/* Begin PBXResourcesBuildPhase section */
		D6E933321E632B1E0026C86A /* Resources */ = {
			isa = PBXResourcesBuildPhase;
			buildActionMask = 2147483647;
			files = (
				D6E933451E632B1E0026C86A /* LaunchScreen.storyboard in Resources */,
				D6E933421E632B1E0026C86A /* Assets.xcassets in Resources */,
				D6E9333D1E632B1E0026C86A /* Main.storyboard in Resources */,
			);
			runOnlyForDeploymentPostprocessing = 0;
		};
/* End PBXResourcesBuildPhase section */

/* Begin PBXSourcesBuildPhase section */
		D6E933301E632B1E0026C86A /* Sources */ = {
			isa = PBXSourcesBuildPhase;
			buildActionMask = 2147483647;
			files = (
				D6E9333A1E632B1E0026C86A /* ViewController.swift in Sources */,
				D6E933401E632B1E0026C86A /* ToDo.xcdatamodeld in Sources */,
				D6E933381E632B1E0026C86A /* AppDelegate.swift in Sources */,
				D6E9334D1E63300A0026C86A /* OgaveClass.swift in Sources */,
			);
			runOnlyForDeploymentPostprocessing = 0;
		};
/* End PBXSourcesBuildPhase section */

/* Begin PBXVariantGroup section */
		D6E9333B1E632B1E0026C86A /* Main.storyboard */ = {
			isa = PBXVariantGroup;
			children = (
				D6E9333C1E632B1E0026C86A /* Base */,
			);
			name = Main.storyboard;
			sourceTree = "<group>";
		};
		D6E933431E632B1E0026C86A /* LaunchScreen.storyboard */ = {
			isa = PBXVariantGroup;
			children = (
				D6E933441E632B1E0026C86A /* Base */,
			);
			name = LaunchScreen.storyboard;
			sourceTree = "<group>";
		};
/* End PBXVariantGroup section */

/* Begin XCBuildConfiguration section */
		D6E933471E632B1E0026C86A /* Debug */ = {
			isa = XCBuildConfiguration;
			buildSettings = {
				ALWAYS_SEARCH_USER_PATHS = NO;
				CLANG_ANALYZER_NONNULL = YES;
				CLANG_ANALYZER_NUMBER_OBJECT_CONVERSION = YES_AGGRESSIVE;
				CLANG_CXX_LANGUAGE_STANDARD = "gnu++0x";
				CLANG_CXX_LIBRARY = "libc++";
				CLANG_ENABLE_MODULES = YES;
				CLANG_ENABLE_OBJC_ARC = YES;
				CLANG_WARN_BOOL_CONVERSION = YES;
				CLANG_WARN_CONSTANT_CONVERSION = YES;
				CLANG_WARN_DIRECT_OBJC_ISA_USAGE = YES_ERROR;
				CLANG_WARN_DOCUMENTATION_COMMENTS = YES;
				CLANG_WARN_EMPTY_BODY = YES;
				CLANG_WARN_ENUM_CONVERSION = YES;
				CLANG_WARN_INFINITE_RECURSION = YES;
				CLANG_WARN_INT_CONVERSION = YES;
				CLANG_WARN_OBJC_ROOT_CLASS = YES_ERROR;
				CLANG_WARN_SUSPICIOUS_MOVE = YES;
				CLANG_WARN_UNREACHABLE_CODE = YES;
				CLANG_WARN__DUPLICATE_METHOD_MATCH = YES;
				"CODE_SIGN_IDENTITY[sdk=iphoneos*]" = "iPhone Developer";
				COPY_PHASE_STRIP = NO;
				DEBUG_INFORMATION_FORMAT = dwarf;
				ENABLE_STRICT_OBJC_MSGSEND = YES;
				ENABLE_TESTABILITY = YES;
				GCC_C_LANGUAGE_STANDARD = gnu99;
				GCC_DYNAMIC_NO_PIC = NO;
				GCC_NO_COMMON_BLOCKS = YES;
				GCC_OPTIMIZATION_LEVEL = 0;
				GCC_PREPROCESSOR_DEFINITIONS = (
					"DEBUG=1",
					"$(inherited)",
				);
				GCC_WARN_64_TO_32_BIT_CONVERSION = YES;
				GCC_WARN_ABOUT_RETURN_TYPE = YES_ERROR;
				GCC_WARN_UNDECLARED_SELECTOR = YES;
				GCC_WARN_UNINITIALIZED_AUTOS = YES_AGGRESSIVE;
				GCC_WARN_UNUSED_FUNCTION = YES;
				GCC_WARN_UNUSED_VARIABLE = YES;
				IPHONEOS_DEPLOYMENT_TARGET = 10.3;
				MTL_ENABLE_DEBUG_INFO = YES;
				ONLY_ACTIVE_ARCH = YES;
				SDKROOT = iphoneos;
				SWIFT_ACTIVE_COMPILATION_CONDITIONS = DEBUG;
				SWIFT_OPTIMIZATION_LEVEL = "-Onone";
				TARGETED_DEVICE_FAMILY = "1,2";
			};
			name = Debug;
		};
		D6E933481E632B1E0026C86A /* Release */ = {
			isa = XCBuildConfiguration;
			buildSettings = {
				ALWAYS_SEARCH_USER_PATHS = NO;
				CLANG_ANALYZER_NONNULL = YES;
				CLANG_ANALYZER_NUMBER_OBJECT_CONVERSION = YES_AGGRESSIVE;
				CLANG_CXX_LANGUAGE_STANDARD = "gnu++0x";
				CLANG_CXX_LIBRARY = "libc++";
				CLANG_ENABLE_MODULES = YES;
				CLANG_ENABLE_OBJC_ARC = YES;
				CLANG_WARN_BOOL_CONVERSION = YES;
				CLANG_WARN_CONSTANT_CONVERSION = YES;
				CLANG_WARN_DIRECT_OBJC_ISA_USAGE = YES_ERROR;
				CLANG_WARN_DOCUMENTATION_COMMENTS = YES;
				CLANG_WARN_EMPTY_BODY = YES;
				CLANG_WARN_ENUM_CONVERSION = YES;
				CLANG_WARN_INFINITE_RECURSION = YES;
				CLANG_WARN_INT_CONVERSION = YES;
				CLANG_WARN_OBJC_ROOT_CLASS = YES_ERROR;
				CLANG_WARN_SUSPICIOUS_MOVE = YES;
				CLANG_WARN_UNREACHABLE_CODE = YES;
				CLANG_WARN__DUPLICATE_METHOD_MATCH = YES;
				"CODE_SIGN_IDENTITY[sdk=iphoneos*]" = "iPhone Developer";
				COPY_PHASE_STRIP = NO;
				DEBUG_INFORMATION_FORMAT = "dwarf-with-dsym";
				ENABLE_NS_ASSERTIONS = NO;
				ENABLE_STRICT_OBJC_MSGSEND = YES;
				GCC_C_LANGUAGE_STANDARD = gnu99;
				GCC_NO_COMMON_BLOCKS = YES;
				GCC_WARN_64_TO_32_BIT_CONVERSION = YES;
				GCC_WARN_ABOUT_RETURN_TYPE = YES_ERROR;
				GCC_WARN_UNDECLARED_SELECTOR = YES;
				GCC_WARN_UNINITIALIZED_AUTOS = YES_AGGRESSIVE;
				GCC_WARN_UNUSED_FUNCTION = YES;
				GCC_WARN_UNUSED_VARIABLE = YES;
				IPHONEOS_DEPLOYMENT_TARGET = 10.3;
				MTL_ENABLE_DEBUG_INFO = NO;
				SDKROOT = iphoneos;
				SWIFT_OPTIMIZATION_LEVEL = "-Owholemodule";
				TARGETED_DEVICE_FAMILY = "1,2";
				VALIDATE_PRODUCT = YES;
			};
			name = Release;
		};
		D6E9334A1E632B1E0026C86A /* Debug */ = {
			isa = XCBuildConfiguration;
			buildSettings = {
				ASSETCATALOG_COMPILER_APPICON_NAME = AppIcon;
				INFOPLIST_FILE = ToDo/Info.plist;
				LD_RUNPATH_SEARCH_PATHS = "$(inherited) @executable_path/Frameworks";
				PRODUCT_BUNDLE_IDENTIFIER = me.kjemtrup.ToDo;
				PRODUCT_NAME = "$(TARGET_NAME)";
				SWIFT_VERSION = 3.0;
			};
			name = Debug;
		};
		D6E9334B1E632B1E0026C86A /* Release */ = {
			isa = XCBuildConfiguration;
			buildSettings = {
				ASSETCATALOG_COMPILER_APPICON_NAME = AppIcon;
				INFOPLIST_FILE = ToDo/Info.plist;
				LD_RUNPATH_SEARCH_PATHS = "$(inherited) @executable_path/Frameworks";
				PRODUCT_BUNDLE_IDENTIFIER = me.kjemtrup.ToDo;
				PRODUCT_NAME = "$(TARGET_NAME)";
				SWIFT_VERSION = 3.0;
			};
			name = Release;
		};
/* End XCBuildConfiguration section */

/* Begin XCConfigurationList section */
		D6E9332F1E632B1E0026C86A /* Build configuration list for PBXProject "ToDo" */ = {
			isa = XCConfigurationList;
			buildConfigurations = (
				D6E933471E632B1E0026C86A /* Debug */,
				D6E933481E632B1E0026C86A /* Release */,
			);
			defaultConfigurationIsVisible = 0;
			defaultConfigurationName = Release;
		};
		D6E933491E632B1E0026C86A /* Build configuration list for PBXNativeTarget "ToDo" */ = {
			isa = XCConfigurationList;
			buildConfigurations = (
				D6E9334A1E632B1E0026C86A /* Debug */,
				D6E9334B1E632B1E0026C86A /* Release */,
			);
			defaultConfigurationIsVisible = 0;
		};
/* End XCConfigurationList section */

/* Begin XCVersionGroup section */
		D6E9333E1E632B1E0026C86A /* ToDo.xcdatamodeld */ = {
			isa = XCVersionGroup;
			children = (
				D6E9333F1E632B1E0026C86A /* ToDo.xcdatamodel */,
			);
			currentVersion = D6E9333F1E632B1E0026C86A /* ToDo.xcdatamodel */;
			path = ToDo.xcdatamodeld;
			sourceTree = "<group>";
			versionGroupType = wrapper.xcdatamodel;
		};
/* End XCVersionGroup section */
	};
	rootObject = D6E9332C1E632B1E0026C86A /* Project object */;
}
